github.com/felixenescu/date-range v1.0.0 h1:btICjMOXNZI9xzWV0yi5mUd7XUY/77g79Npa+TPrzLk=
github.com/felixenescu/date-range v1.0.0/go.mod h1:iHtAmjwA9XQjI94OMFJGWSlV01ES4eWSNH1EvjoM57o=
github.com/mitchellh/mapstructure v1.5.0 h1:jeMsZIYE/09sWLaz43PL7Gy6RuMjD2eJVyuac5Z2hdY=
github.com/mitchellh/mapstructure v1.5.0/go.mod h1:bFUtVrKA4DC2yAKiSyO/QUcy7e+RRV2QTWOzhPopBRo=
github.com/mixpanel/mixpanel-go v1.2.1 h1:iykbHKomTJjVoWU95Vt1sjZy4HLt8UOYacMEEEMFBok=
github.com/mixpanel/mixpanel-go v1.2.1/go.mod h1:mPGaNhBoZMJuLu8k7Y1KhU5n8Vw13rxQZZjHj+b9RLk=
